
Microsoft Visual Studio Solution File, Format Version 12.00
# Visual Studio Version 17
VisualStudioVersion = 17.13.35913.81 d17.13
MinimumVisualStudioVersion = 10.0.40219.1
Project("{FAE04EC0-301F-11D3-BF4B-00C04F79EFBC}") = "Task4", "Task4\Task4.csproj", "{8CB46B35-A79B-47B9-9EAC-DC505DB67B37}"
EndProject
Global
	GlobalSection(SolutionConfigurationPlatforms) = preSolution
		Debug|Any CPU = Debug|Any CPU
		Release|Any CPU = Release|Any CPU
	EndGlobalSection
	GlobalSection(ProjectConfigurationPlatforms) = postSolution
		{8CB46B35-A79B-47B9-9EAC-DC505DB67B37}.Debug|Any CPU.ActiveCfg = Debug|Any CPU
		{8CB46B35-A79B-47B9-9EAC-DC505DB67B37}.Debug|Any CPU.Build.0 = Debug|Any CPU
		{8CB46B35-A79B-47B9-9EAC-DC505DB67B37}.Release|Any CPU.ActiveCfg = Release|Any CPU
		{8CB46B35-A79B-47B9-9EAC-DC505DB67B37}.Release|Any CPU.Build.0 = Release|Any CPU
	EndGlobalSection
	GlobalSection(SolutionProperties) = preSolution
		HideSolutionNode = FALSE
	EndGlobalSection
	GlobalSection(ExtensibilityGlobals) = postSolution
		SolutionGuid = {445BD3D2-A72E-40FD-8A87-1B45C82E41FF}
	EndGlobalSection
EndGlobal
