
Microsoft Visual Studio Solution File, Format Version 12.00
# Visual Studio Version 17
VisualStudioVersion = 17.13.35913.81
MinimumVisualStudioVersion = 10.0.40219.1
Project("{FAE04EC0-301F-11D3-BF4B-00C04F79EFBC}") = "task2", "task2\task2.csproj", "{A1092C2B-E3C1-4576-B763-90E6BAB03D2C}"
EndProject
Project("{FAE04EC0-301F-11D3-BF4B-00C04F79EFBC}") = "task3", "task3\task3.csproj", "{246C6DDC-9ED0-41FF-97CE-38E286032E4F}"
EndProject
Project("{FAE04EC0-301F-11D3-BF4B-00C04F79EFBC}") = "task4", "task4\task4.csproj", "{887DBADD-929F-41E1-A9C7-7DD60A5BA079}"
EndProject
Project("{FAE04EC0-301F-11D3-BF4B-00C04F79EFBC}") = "task5", "task5\task5.csproj", "{DEF7F9BD-34E3-4787-95D8-F9601ECDAE5E}"
EndProject
Project("{FAE04EC0-301F-11D3-BF4B-00C04F79EFBC}") = "task1", "task1\task1.csproj", "{E4434BCD-D68A-4FFA-8AC7-AF12BEF50B88}"
EndProject
Global
	GlobalSection(SolutionConfigurationPlatforms) = preSolution
		Debug|Any CPU = Debug|Any CPU
		Release|Any CPU = Release|Any CPU
	EndGlobalSection
	GlobalSection(ProjectConfigurationPlatforms) = postSolution
		{A1092C2B-E3C1-4576-B763-90E6BAB03D2C}.Debug|Any CPU.ActiveCfg = Debug|Any CPU
		{A1092C2B-E3C1-4576-B763-90E6BAB03D2C}.Debug|Any CPU.Build.0 = Debug|Any CPU
		{A1092C2B-E3C1-4576-B763-90E6BAB03D2C}.Release|Any CPU.ActiveCfg = Release|Any CPU
		{A1092C2B-E3C1-4576-B763-90E6BAB03D2C}.Release|Any CPU.Build.0 = Release|Any CPU
		{246C6DDC-9ED0-41FF-97CE-38E286032E4F}.Debug|Any CPU.ActiveCfg = Debug|Any CPU
		{246C6DDC-9ED0-41FF-97CE-38E286032E4F}.Debug|Any CPU.Build.0 = Debug|Any CPU
		{246C6DDC-9ED0-41FF-97CE-38E286032E4F}.Release|Any CPU.ActiveCfg = Release|Any CPU
		{246C6DDC-9ED0-41FF-97CE-38E286032E4F}.Release|Any CPU.Build.0 = Release|Any CPU
		{887DBADD-929F-41E1-A9C7-7DD60A5BA079}.Debug|Any CPU.ActiveCfg = Debug|Any CPU
		{887DBADD-929F-41E1-A9C7-7DD60A5BA079}.Debug|Any CPU.Build.0 = Debug|Any CPU
		{887DBADD-929F-41E1-A9C7-7DD60A5BA079}.Release|Any CPU.ActiveCfg = Release|Any CPU
		{887DBADD-929F-41E1-A9C7-7DD60A5BA079}.Release|Any CPU.Build.0 = Release|Any CPU
		{DEF7F9BD-34E3-4787-95D8-F9601ECDAE5E}.Debug|Any CPU.ActiveCfg = Debug|Any CPU
		{DEF7F9BD-34E3-4787-95D8-F9601ECDAE5E}.Debug|Any CPU.Build.0 = Debug|Any CPU
		{DEF7F9BD-34E3-4787-95D8-F9601ECDAE5E}.Release|Any CPU.ActiveCfg = Release|Any CPU
		{DEF7F9BD-34E3-4787-95D8-F9601ECDAE5E}.Release|Any CPU.Build.0 = Release|Any CPU
		{E4434BCD-D68A-4FFA-8AC7-AF12BEF50B88}.Debug|Any CPU.ActiveCfg = Debug|Any CPU
		{E4434BCD-D68A-4FFA-8AC7-AF12BEF50B88}.Debug|Any CPU.Build.0 = Debug|Any CPU
		{E4434BCD-D68A-4FFA-8AC7-AF12BEF50B88}.Release|Any CPU.ActiveCfg = Release|Any CPU
		{E4434BCD-D68A-4FFA-8AC7-AF12BEF50B88}.Release|Any CPU.Build.0 = Release|Any CPU
	EndGlobalSection
	GlobalSection(SolutionProperties) = preSolution
		HideSolutionNode = FALSE
	EndGlobalSection
	GlobalSection(ExtensibilityGlobals) = postSolution
		SolutionGuid = {61A49912-87E2-4626-BACC-C19D090D9100}
	EndGlobalSection
EndGlobal
